
Microsoft Visual Studio Solution File, Format Version 12.00
# Visual Studio Version 17
VisualStudioVersion = 17.5.33627.172
MinimumVisualStudioVersion = 10.0.40219.1
Project("{9A19103F-16F7-4668-BE54-9A1E7A4F7556}") = "FruteriaAPI", "FruteriaAPI\FruteriaAPI.csproj", "{4F612DE8-395F-4AA6-A25C-8F442760F729}"
EndProject
Project("{FAE04EC0-301F-11D3-BF4B-00C04F79EFBC}") = "FruteriaAPI.Domain", "FruteriaAPI.Domain\FruteriaAPI.Domain.csproj", "{51EAEEF1-E5C3-4830-8B19-B82308CC0C8F}"
EndProject
Project("{FAE04EC0-301F-11D3-BF4B-00C04F79EFBC}") = "FruteriaAPI.Data", "FruteriaAPI.Data\FruteriaAPI.Data.csproj", "{154F811B-5552-40C4-B390-DDA0F48F785A}"
EndProject
Project("{FAE04EC0-301F-11D3-BF4B-00C04F79EFBC}") = "FruteriaAPI.Business", "FruteriaAPI.Business\FruteriaAPI.Business.csproj", "{FB3A540E-2921-43F9-BFD3-05DD09C99839}"
EndProject
Global
	GlobalSection(SolutionConfigurationPlatforms) = preSolution
		Debug|Any CPU = Debug|Any CPU
		Release|Any CPU = Release|Any CPU
	EndGlobalSection
	GlobalSection(ProjectConfigurationPlatforms) = postSolution
		{4F612DE8-395F-4AA6-A25C-8F442760F729}.Debug|Any CPU.ActiveCfg = Debug|Any CPU
		{4F612DE8-395F-4AA6-A25C-8F442760F729}.Debug|Any CPU.Build.0 = Debug|Any CPU
		{4F612DE8-395F-4AA6-A25C-8F442760F729}.Release|Any CPU.ActiveCfg = Release|Any CPU
		{4F612DE8-395F-4AA6-A25C-8F442760F729}.Release|Any CPU.Build.0 = Release|Any CPU
		{51EAEEF1-E5C3-4830-8B19-B82308CC0C8F}.Debug|Any CPU.ActiveCfg = Debug|Any CPU
		{51EAEEF1-E5C3-4830-8B19-B82308CC0C8F}.Debug|Any CPU.Build.0 = Debug|Any CPU
		{51EAEEF1-E5C3-4830-8B19-B82308CC0C8F}.Release|Any CPU.ActiveCfg = Release|Any CPU
		{51EAEEF1-E5C3-4830-8B19-B82308CC0C8F}.Release|Any CPU.Build.0 = Release|Any CPU
		{154F811B-5552-40C4-B390-DDA0F48F785A}.Debug|Any CPU.ActiveCfg = Debug|Any CPU
		{154F811B-5552-40C4-B390-DDA0F48F785A}.Debug|Any CPU.Build.0 = Debug|Any CPU
		{154F811B-5552-40C4-B390-DDA0F48F785A}.Release|Any CPU.ActiveCfg = Release|Any CPU
		{154F811B-5552-40C4-B390-DDA0F48F785A}.Release|Any CPU.Build.0 = Release|Any CPU
		{FB3A540E-2921-43F9-BFD3-05DD09C99839}.Debug|Any CPU.ActiveCfg = Debug|Any CPU
		{FB3A540E-2921-43F9-BFD3-05DD09C99839}.Debug|Any CPU.Build.0 = Debug|Any CPU
		{FB3A540E-2921-43F9-BFD3-05DD09C99839}.Release|Any CPU.ActiveCfg = Release|Any CPU
		{FB3A540E-2921-43F9-BFD3-05DD09C99839}.Release|Any CPU.Build.0 = Release|Any CPU
	EndGlobalSection
	GlobalSection(SolutionProperties) = preSolution
		HideSolutionNode = FALSE
	EndGlobalSection
	GlobalSection(ExtensibilityGlobals) = postSolution
		SolutionGuid = {04292A63-B2CA-4EE8-BB43-14CD58418FBB}
	EndGlobalSection
EndGlobal
